
Microsoft Visual Studio Solution File, Format Version 12.00
# Visual Studio 15
VisualStudioVersion = 15.0.28307.271
MinimumVisualStudioVersion = 10.0.40219.1
Project("{FAE04EC0-301F-11D3-BF4B-00C04F79EFBC}") = "Task_1", "Task_1\Task_1.csproj", "{C82B9D28-CEC7-43F7-9496-2F68523BFC64}"
EndProject
Project("{FAE04EC0-301F-11D3-BF4B-00C04F79EFBC}") = "Task_2", "Task_2\Task_2.csproj", "{ACE0B50C-5EDB-42A1-9103-6A276664D047}"
EndProject
Project("{FAE04EC0-301F-11D3-BF4B-00C04F79EFBC}") = "Task_3", "Task_3\Task_3.csproj", "{A412DA1C-9B27-4626-BC4E-C543115AE763}"
EndProject
Global
	GlobalSection(SolutionConfigurationPlatforms) = preSolution
		Debug|Any CPU = Debug|Any CPU
		Release|Any CPU = Release|Any CPU
	EndGlobalSection
	GlobalSection(ProjectConfigurationPlatforms) = postSolution
		{C82B9D28-CEC7-43F7-9496-2F68523BFC64}.Debug|Any CPU.ActiveCfg = Debug|Any CPU
		{C82B9D28-CEC7-43F7-9496-2F68523BFC64}.Debug|Any CPU.Build.0 = Debug|Any CPU
		{C82B9D28-CEC7-43F7-9496-2F68523BFC64}.Release|Any CPU.ActiveCfg = Release|Any CPU
		{C82B9D28-CEC7-43F7-9496-2F68523BFC64}.Release|Any CPU.Build.0 = Release|Any CPU
		{ACE0B50C-5EDB-42A1-9103-6A276664D047}.Debug|Any CPU.ActiveCfg = Debug|Any CPU
		{ACE0B50C-5EDB-42A1-9103-6A276664D047}.Debug|Any CPU.Build.0 = Debug|Any CPU
		{ACE0B50C-5EDB-42A1-9103-6A276664D047}.Release|Any CPU.ActiveCfg = Release|Any CPU
		{ACE0B50C-5EDB-42A1-9103-6A276664D047}.Release|Any CPU.Build.0 = Release|Any CPU
		{A412DA1C-9B27-4626-BC4E-C543115AE763}.Debug|Any CPU.ActiveCfg = Debug|Any CPU
		{A412DA1C-9B27-4626-BC4E-C543115AE763}.Debug|Any CPU.Build.0 = Debug|Any CPU
		{A412DA1C-9B27-4626-BC4E-C543115AE763}.Release|Any CPU.ActiveCfg = Release|Any CPU
		{A412DA1C-9B27-4626-BC4E-C543115AE763}.Release|Any CPU.Build.0 = Release|Any CPU
	EndGlobalSection
	GlobalSection(SolutionProperties) = preSolution
		HideSolutionNode = FALSE
	EndGlobalSection
	GlobalSection(ExtensibilityGlobals) = postSolution
		SolutionGuid = {F982A4D7-8A2B-461A-938A-9F46ABEC11C5}
	EndGlobalSection
EndGlobal
